%{
  "logger_file_backend": {:hex, :logger_file_backend, "0.0.13", "df07b14970e9ac1f57362985d76e6f24e3e1ab05c248055b7d223976881977c2", [:mix], [], "hexpm", "71a453a7e6e899ae4549fb147b1c6621f4233f8f48f58ca10a64ec67b6c50018"},
  "ranch": {:hex, :ranch, "1.8.0", "8c7a100a139fd57f17327b6413e4167ac559fbc04ca7448e9be9057311597a1d", [:make, :rebar3], [], "hexpm", "49fbcfd3682fab1f5d109351b61257676da1a2fdbe295904176d5e521a2ddfe5"},
}
